
Microsoft Visual Studio Solution File, Format Version 12.00
# Visual Studio Version 17
VisualStudioVersion = 17.13.35931.197 d17.13
MinimumVisualStudioVersion = 10.0.40219.1
Project("{FAE04EC0-301F-11D3-BF4B-00C04F79EFBC}") = "Overdrive.Library", "Overdrive.Library\Overdrive.Library.csproj", "{02A16DC2-2A5A-44E8-9F11-7051458D1D1D}"
EndProject
Global
	GlobalSection(SolutionConfigurationPlatforms) = preSolution
		Debug|Any CPU = Debug|Any CPU
		Release|Any CPU = Release|Any CPU
	EndGlobalSection
	GlobalSection(ProjectConfigurationPlatforms) = postSolution
		{02A16DC2-2A5A-44E8-9F11-7051458D1D1D}.Debug|Any CPU.ActiveCfg = Debug|Any CPU
		{02A16DC2-2A5A-44E8-9F11-7051458D1D1D}.Debug|Any CPU.Build.0 = Debug|Any CPU
		{02A16DC2-2A5A-44E8-9F11-7051458D1D1D}.Release|Any CPU.ActiveCfg = Release|Any CPU
		{02A16DC2-2A5A-44E8-9F11-7051458D1D1D}.Release|Any CPU.Build.0 = Release|Any CPU
	EndGlobalSection
	GlobalSection(SolutionProperties) = preSolution
		HideSolutionNode = FALSE
	EndGlobalSection
	GlobalSection(ExtensibilityGlobals) = postSolution
		SolutionGuid = {06ECF63C-7624-4533-A804-C51B6054A096}
	EndGlobalSection
EndGlobal
